{
  "name": "common",
  "version": "1.0.0",
  "lockfileVersion": 1,
  "requires": true,
  "dependencies": {
    "tsplate": {
      "version": "1.4.1",
      "resolved": "https://registry.npmjs.org/tsplate/-/tsplate-1.4.1.tgz",
      "integrity": "sha512-biTt6c4cXb+QqCGt+UokCW4Mfy1S+6lDW1rEKZg6TmAfYhk2yf9ANx+3ldhGbqiKlx0UqUblVY3SBn27srYHbQ=="
    }
  }
}
